<Solution>
  <Configurations>
    <Platform Name="ARM64" />
    <Platform Name="x64" />
    <Platform Name="x86" />
  </Configurations>
  <Project Path="codex-relayouter/codex-relayouter.csproj">
    <Platform Solution="*|ARM64" Project="ARM64" />
    <Platform Solution="*|x64" Project="x64" />
    <Platform Solution="*|x86" Project="x86" />
    <Deploy />
  </Project>
  <Project Path="codex-relayouter-server/codex-relayouter-server.csproj">
    <Platform Solution="*|ARM64" Project="Any CPU" />
    <Platform Solution="*|x64" Project="Any CPU" />
    <Platform Solution="*|x86" Project="Any CPU" />
  </Project>
  <Project Path="codex-relayouter-common/codex-relayouter-common.csproj">
    <Platform Solution="*|ARM64" Project="Any CPU" />
    <Platform Solution="*|x64" Project="Any CPU" />
    <Platform Solution="*|x86" Project="Any CPU" />
  </Project>
  <Project Path="codex-relayouter-common.Tests/codex-relayouter-common.Tests.csproj">
    <Platform Solution="*|ARM64" Project="Any CPU" />
    <Platform Solution="*|x64" Project="Any CPU" />
    <Platform Solution="*|x86" Project="Any CPU" />
  </Project>
  <Project Path="codex-relayouter.Tests/codex-relayouter.Tests.csproj">
    <Platform Solution="*|ARM64" Project="Any CPU" />
    <Platform Solution="*|x64" Project="Any CPU" />
    <Platform Solution="*|x86" Project="Any CPU" />
  </Project>
</Solution>
